# This file is autogenerated, do not edit; changes may be undone by the next 'dep ensure'.


[[projects]]
  name = "github.com/TyPR124/iptree"
  packages = ["."]
  revision = "c900427ffe2a28140cab20434e62ecd5645c752e"
  version = "v0.9.1"

[solve-meta]
  analyzer-name = "dep"
  analyzer-version = 1
  inputs-digest = "bb8b6d47f8de726aee8a8bec1995244c81f4128b4279f162ec267590f3721c4e"
  solver-name = "gps-cdcl"
  solver-version = 1
